
Microsoft Visual Studio Solution File, Format Version 12.00
# Visual Studio Version 17
VisualStudioVersion = 17.6.33815.320
MinimumVisualStudioVersion = 10.0.40219.1
Project("{FAE04EC0-301F-11D3-BF4B-00C04F79EFBC}") = "Math Game", "Math Game\Math Game.csproj", "{BB1E5B80-3364-4620-9E72-393C8AB6B146}"
EndProject
Global
	GlobalSection(SolutionConfigurationPlatforms) = preSolution
		Debug|Any CPU = Debug|Any CPU
		Release|Any CPU = Release|Any CPU
	EndGlobalSection
	GlobalSection(ProjectConfigurationPlatforms) = postSolution
		{BB1E5B80-3364-4620-9E72-393C8AB6B146}.Debug|Any CPU.ActiveCfg = Debug|Any CPU
		{BB1E5B80-3364-4620-9E72-393C8AB6B146}.Debug|Any CPU.Build.0 = Debug|Any CPU
		{BB1E5B80-3364-4620-9E72-393C8AB6B146}.Release|Any CPU.ActiveCfg = Release|Any CPU
		{BB1E5B80-3364-4620-9E72-393C8AB6B146}.Release|Any CPU.Build.0 = Release|Any CPU
	EndGlobalSection
	GlobalSection(SolutionProperties) = preSolution
		HideSolutionNode = FALSE
	EndGlobalSection
	GlobalSection(ExtensibilityGlobals) = postSolution
		SolutionGuid = {1DF9A876-485C-4D19-ABF5-32BF78352C85}
	EndGlobalSection
EndGlobal
